# Code generated by scarb DO NOT EDIT.
version = 1

[[package]]
name = "beacon_library"
version = "1.7.0-rc.0"
dependencies = [
 "beacon_schema",
 "sai_core_utils",
]

[[package]]
name = "beacon_schema"
version = "1.7.0-rc.0"

[[package]]
name = "sai_core_utils"
version = "0.1.0"
source = "git+https://github.com/sai-starknet/cairo-utils?branch=cairo-2.11.4#3565ddb994671bf424c25212180aba452d5eb946"

[[package]]
name = "torii_beacon"
version = "1.7.0-rc.0"

[[package]]
name = "torii_beacon_macros"
version = "0.1.0"
