# Code generated by scarb DO NOT EDIT.
version = 1

[[package]]
name = "dojo"
version = "1.6.0-alpha.1"
source = "git+https://github.com/dojoengine/dojo?rev=1a93f26b416ef0278eab3aee65cbfc993934d8b5#1a93f26b416ef0278eab3aee65cbfc993934d8b5"
dependencies = [
 "dojo_macros",
]

[[package]]
name = "dojo_beacon"
version = "0.2.3"
dependencies = [
 "dojo",
]

[[package]]
name = "dojo_macros"
version = "1.6.0-alpha.1"
source = "git+https://github.com/dojoengine/dojo?rev=1a93f26b416ef0278eab3aee65cbfc993934d8b5#1a93f26b416ef0278eab3aee65cbfc993934d8b5"
