# Code generated by scarb DO NOT EDIT.
version = 1

[[package]]
name = "dojo"
version = "1.6.0-alpha.1"
source = "git+https://github.com/dojoengine/dojo?rev=1a93f26b416ef0278eab3aee65cbfc993934d8b5#1a93f26b416ef0278eab3aee65cbfc993934d8b5"
dependencies = [
 "dojo_macros",
]

[[package]]
name = "dojo_beacon_example"
version = "0.1.0"
dependencies = [
 "dojo",
 "torii_beacon",
 "torii_beacon_macros",
]

[[package]]
name = "dojo_macros"
version = "1.6.0-alpha.1"
source = "git+https://github.com/dojoengine/dojo?rev=1a93f26b416ef0278eab3aee65cbfc993934d8b5#1a93f26b416ef0278eab3aee65cbfc993934d8b5"

[[package]]
name = "sai_access"
version = "0.1.0"
source = "git+https://github.com/sai-starknet/cairo-utils?branch=cairo-2.11.4#ef1fa4bd72ade1e8f38fc84646d6422f09821df2"

[[package]]
name = "sai_core_utils"
version = "0.1.0"
source = "git+https://github.com/sai-starknet/cairo-utils?branch=cairo-2.11.4#ef1fa4bd72ade1e8f38fc84646d6422f09821df2"

[[package]]
name = "torii_beacon"
version = "1.6.0-rc.0"
dependencies = [
 "dojo",
 "sai_access",
 "sai_core_utils",
]

[[package]]
name = "torii_beacon_macros"
version = "0.1.0"
