# Code generated by scarb DO NOT EDIT.
version = 1

[[package]]
name = "dojo"
version = "1.6.0"
source = "git+https://github.com/dojoengine/dojo?tag=v1.6.0#c7d8b321abc711c14bddcf76f41587f6ef21c356"
dependencies = [
 "dojo_plugin",
]

[[package]]
name = "dojo_beacon_example"
version = "0.1.0"
dependencies = [
 "dojo",
 "dojo_cairo_test",
 "torii_beacon",
 "torii_beacon_macros",
]

[[package]]
name = "dojo_cairo_test"
version = "1.6.0"
source = "git+https://github.com/dojoengine/dojo?tag=v1.6.0#c7d8b321abc711c14bddcf76f41587f6ef21c356"
dependencies = [
 "dojo",
]

[[package]]
name = "dojo_plugin"
version = "2.10.1"
source = "git+https://github.com/dojoengine/dojo?tag=v1.6.0#c7d8b321abc711c14bddcf76f41587f6ef21c356"

[[package]]
name = "sai_access"
version = "0.1.0"
source = "git+https://github.com/sai-starknet/cairo-utils?tag=cairo-2.10.1#73db8c4fa4a1a8024e736a86eca721d4b65ca0dd"

[[package]]
name = "sai_core_utils"
version = "0.1.0"
source = "git+https://github.com/sai-starknet/cairo-utils?tag=cairo-2.10.1#73db8c4fa4a1a8024e736a86eca721d4b65ca0dd"

[[package]]
name = "torii_beacon"
version = "0.2.3"
dependencies = [
 "dojo",
 "sai_access",
 "sai_core_utils",
]

[[package]]
name = "torii_beacon_macros"
version = "0.1.0"
